// !$*UTF8*$!
{
	archiveVersion = 1;
	classes = {
	};
	objectVersion = 55;
	objects = {

/* Begin PBXBuildFile section */
		2F5B3E4E29C4EF3100212C1C /* sequence4.tpp.h in Sources */ = {isa = PBXBuildFile; fileRef = 2F5B3E4D29C4EF3100212C1C /* sequence4.tpp.h */; };
		2F5B3E5729C4F0B000212C1C /* sequence_test.cpp in Sources */ = {isa = PBXBuildFile; fileRef = 2F5B3E5629C4F0B000212C1C /* sequence_test.cpp */; };
		2F5B3E5929C4F0B900212C1C /* sequence_exam4.cpp in Sources */ = {isa = PBXBuildFile; fileRef = 2F5B3E5829C4F0B900212C1C /* sequence_exam4.cpp */; };
/* End PBXBuildFile section */

/* Begin PBXCopyFilesBuildPhase section */
		2F5B3E4829C4EF3100212C1C /* CopyFiles */ = {
			isa = PBXCopyFilesBuildPhase;
			buildActionMask = 2147483647;
			dstPath = /usr/share/man/man1/;
			dstSubfolderSpec = 0;
			files = (
			);
			runOnlyForDeploymentPostprocessing = 1;
		};
/* End PBXCopyFilesBuildPhase section */

/* Begin PBXFileReference section */
		2F5B3E4A29C4EF3100212C1C /* Templates Program */ = {isa = PBXFileReference; explicitFileType = "compiled.mach-o.executable"; includeInIndex = 0; path = "Templates Program"; sourceTree = BUILT_PRODUCTS_DIR; };
		2F5B3E4D29C4EF3100212C1C /* sequence4.tpp.h */ = {isa = PBXFileReference; explicitFileType = sourcecode.c.h; path = sequence4.tpp.h; sourceTree = "<group>"; };
		2F5B3E5529C4F0A200212C1C /* node2.tpp.h */ = {isa = PBXFileReference; explicitFileType = sourcecode.cpp.h; name = node2.tpp.h; path = ../../../../Downloads/node2.tpp.h; sourceTree = "<group>"; };
		2F5B3E5629C4F0B000212C1C /* sequence_test.cpp */ = {isa = PBXFileReference; fileEncoding = 4; lastKnownFileType = sourcecode.cpp.cpp; name = sequence_test.cpp; path = ../../../../Downloads/sequence_test.cpp; sourceTree = "<group>"; };
		2F5B3E5829C4F0B900212C1C /* sequence_exam4.cpp */ = {isa = PBXFileReference; fileEncoding = 4; lastKnownFileType = sourcecode.cpp.cpp; name = sequence_exam4.cpp; path = ../../../../Downloads/sequence_exam4.cpp; sourceTree = "<group>"; };
		2F5B3E5A29C4F0F300212C1C /* sequence4.h */ = {isa = PBXFileReference; lastKnownFileType = sourcecode.c.h; path = sequence4.h; sourceTree = "<group>"; };
		2F5B3E5B29C4F35800212C1C /* node2.h */ = {isa = PBXFileReference; lastKnownFileType = sourcecode.c.h; path = node2.h; sourceTree = "<group>"; };
/* End PBXFileReference section */

/* Begin PBXFrameworksBuildPhase section */
		2F5B3E4729C4EF3100212C1C /* Frameworks */ = {
			isa = PBXFrameworksBuildPhase;
			buildActionMask = 2147483647;
			files = (
			);
			runOnlyForDeploymentPostprocessing = 0;
		};
/* End PBXFrameworksBuildPhase section */

/* Begin PBXGroup section */
		2F5B3E4129C4EF3100212C1C = {
			isa = PBXGroup;
			children = (
				2F5B3E4C29C4EF3100212C1C /* Templates Program */,
				2F5B3E4B29C4EF3100212C1C /* Products */,
			);
			sourceTree = "<group>";
		};
		2F5B3E4B29C4EF3100212C1C /* Products */ = {
			isa = PBXGroup;
			children = (
				2F5B3E4A29C4EF3100212C1C /* Templates Program */,
			);
			name = Products;
			sourceTree = "<group>";
		};
		2F5B3E4C29C4EF3100212C1C /* Templates Program */ = {
			isa = PBXGroup;
			children = (
				2F5B3E5B29C4F35800212C1C /* node2.h */,
				2F5B3E5A29C4F0F300212C1C /* sequence4.h */,
				2F5B3E4D29C4EF3100212C1C /* sequence4.tpp.h */,
				2F5B3E5529C4F0A200212C1C /* node2.tpp.h */,
				2F5B3E5629C4F0B000212C1C /* sequence_test.cpp */,
				2F5B3E5829C4F0B900212C1C /* sequence_exam4.cpp */,
			);
			path = "Templates Program";
			sourceTree = "<group>";
		};
/* End PBXGroup section */

/* Begin PBXNativeTarget section */
		2F5B3E4929C4EF3100212C1C /* Templates Program */ = {
			isa = PBXNativeTarget;
			buildConfigurationList = 2F5B3E5129C4EF3100212C1C /* Build configuration list for PBXNativeTarget "Templates Program" */;
			buildPhases = (
				2F5B3E4629C4EF3100212C1C /* Sources */,
				2F5B3E4729C4EF3100212C1C /* Frameworks */,
				2F5B3E4829C4EF3100212C1C /* CopyFiles */,
			);
			buildRules = (
			);
			dependencies = (
			);
			name = "Templates Program";
			productName = "Templates Program";
			productReference = 2F5B3E4A29C4EF3100212C1C /* Templates Program */;
			productType = "com.apple.product-type.tool";
		};
/* End PBXNativeTarget section */

/* Begin PBXProject section */
		2F5B3E4229C4EF3100212C1C /* Project object */ = {
			isa = PBXProject;
			attributes = {
				BuildIndependentTargetsInParallel = 1;
				LastUpgradeCheck = 1340;
				TargetAttributes = {
					2F5B3E4929C4EF3100212C1C = {
						CreatedOnToolsVersion = 13.4.1;
					};
				};
			};
			buildConfigurationList = 2F5B3E4529C4EF3100212C1C /* Build configuration list for PBXProject "Templates Program" */;
			compatibilityVersion = "Xcode 13.0";
			developmentRegion = en;
			hasScannedForEncodings = 0;
			knownRegions = (
				en,
				Base,
			);
			mainGroup = 2F5B3E4129C4EF3100212C1C;
			productRefGroup = 2F5B3E4B29C4EF3100212C1C /* Products */;
			projectDirPath = "";
			projectRoot = "";
			targets = (
				2F5B3E4929C4EF3100212C1C /* Templates Program */,
			);
		};
/* End PBXProject section */

/* Begin PBXSourcesBuildPhase section */
		2F5B3E4629C4EF3100212C1C /* Sources */ = {
			isa = PBXSourcesBuildPhase;
			buildActionMask = 2147483647;
			files = (
				2F5B3E5929C4F0B900212C1C /* sequence_exam4.cpp in Sources */,
				2F5B3E5729C4F0B000212C1C /* sequence_test.cpp in Sources */,
				2F5B3E4E29C4EF3100212C1C /* sequence4.tpp.h in Sources */,
			);
			runOnlyForDeploymentPostprocessing = 0;
		};
/* End PBXSourcesBuildPhase section */

/* Begin XCBuildConfiguration section */
		2F5B3E4F29C4EF3100212C1C /* Debug */ = {
			isa = XCBuildConfiguration;
			buildSettings = {
				ALWAYS_SEARCH_USER_PATHS = NO;
				CLANG_ANALYZER_NONNULL = YES;
				CLANG_ANALYZER_NUMBER_OBJECT_CONVERSION = YES_AGGRESSIVE;
				CLANG_CXX_LANGUAGE_STANDARD = "gnu++17";
				CLANG_ENABLE_MODULES = YES;
				CLANG_ENABLE_OBJC_ARC = YES;
				CLANG_ENABLE_OBJC_WEAK = YES;
				CLANG_WARN_BLOCK_CAPTURE_AUTORELEASING = YES;
				CLANG_WARN_BOOL_CONVERSION = YES;
				CLANG_WARN_COMMA = YES;
				CLANG_WARN_CONSTANT_CONVERSION = YES;
				CLANG_WARN_DEPRECATED_OBJC_IMPLEMENTATIONS = YES;
				CLANG_WARN_DIRECT_OBJC_ISA_USAGE = YES_ERROR;
				CLANG_WARN_DOCUMENTATION_COMMENTS = YES;
				CLANG_WARN_EMPTY_BODY = YES;
				CLANG_WARN_ENUM_CONVERSION = YES;
				CLANG_WARN_INFINITE_RECURSION = YES;
				CLANG_WARN_INT_CONVERSION = YES;
				CLANG_WARN_NON_LITERAL_NULL_CONVERSION = YES;
				CLANG_WARN_OBJC_IMPLICIT_RETAIN_SELF = YES;
				CLANG_WARN_OBJC_LITERAL_CONVERSION = YES;
				CLANG_WARN_OBJC_ROOT_CLASS = YES_ERROR;
				CLANG_WARN_QUOTED_INCLUDE_IN_FRAMEWORK_HEADER = YES;
				CLANG_WARN_RANGE_LOOP_ANALYSIS = YES;
				CLANG_WARN_STRICT_PROTOTYPES = YES;
				CLANG_WARN_SUSPICIOUS_MOVE = YES;
				CLANG_WARN_UNGUARDED_AVAILABILITY = YES_AGGRESSIVE;
				CLANG_WARN_UNREACHABLE_CODE = YES;
				CLANG_WARN__DUPLICATE_METHOD_MATCH = YES;
				COPY_PHASE_STRIP = NO;
				DEBUG_INFORMATION_FORMAT = dwarf;
				ENABLE_STRICT_OBJC_MSGSEND = YES;
				ENABLE_TESTABILITY = YES;
				GCC_C_LANGUAGE_STANDARD = gnu11;
				GCC_DYNAMIC_NO_PIC = NO;
				GCC_NO_COMMON_BLOCKS = YES;
				GCC_OPTIMIZATION_LEVEL = 0;
				GCC_PREPROCESSOR_DEFINITIONS = (
					"DEBUG=1",
					"$(inherited)",
				);
				GCC_WARN_64_TO_32_BIT_CONVERSION = YES;
				GCC_WARN_ABOUT_RETURN_TYPE = YES_ERROR;
				GCC_WARN_UNDECLARED_SELECTOR = YES;
				GCC_WARN_UNINITIALIZED_AUTOS = YES_AGGRESSIVE;
				GCC_WARN_UNUSED_FUNCTION = YES;
				GCC_WARN_UNUSED_VARIABLE = YES;
				MACOSX_DEPLOYMENT_TARGET = 12.2;
				MTL_ENABLE_DEBUG_INFO = INCLUDE_SOURCE;
				MTL_FAST_MATH = YES;
				ONLY_ACTIVE_ARCH = YES;
				SDKROOT = macosx;
			};
			name = Debug;
		};
		2F5B3E5029C4EF3100212C1C /* Release */ = {
			isa = XCBuildConfiguration;
			buildSettings = {
				ALWAYS_SEARCH_USER_PATHS = NO;
				CLANG_ANALYZER_NONNULL = YES;
				CLANG_ANALYZER_NUMBER_OBJECT_CONVERSION = YES_AGGRESSIVE;
				CLANG_CXX_LANGUAGE_STANDARD = "gnu++17";
				CLANG_ENABLE_MODULES = YES;
				CLANG_ENABLE_OBJC_ARC = YES;
				CLANG_ENABLE_OBJC_WEAK = YES;
				CLANG_WARN_BLOCK_CAPTURE_AUTORELEASING = YES;
				CLANG_WARN_BOOL_CONVERSION = YES;
				CLANG_WARN_COMMA = YES;
				CLANG_WARN_CONSTANT_CONVERSION = YES;
				CLANG_WARN_DEPRECATED_OBJC_IMPLEMENTATIONS = YES;
				CLANG_WARN_DIRECT_OBJC_ISA_USAGE = YES_ERROR;
				CLANG_WARN_DOCUMENTATION_COMMENTS = YES;
				CLANG_WARN_EMPTY_BODY = YES;
				CLANG_WARN_ENUM_CONVERSION = YES;
				CLANG_WARN_INFINITE_RECURSION = YES;
				CLANG_WARN_INT_CONVERSION = YES;
				CLANG_WARN_NON_LITERAL_NULL_CONVERSION = YES;
				CLANG_WARN_OBJC_IMPLICIT_RETAIN_SELF = YES;
				CLANG_WARN_OBJC_LITERAL_CONVERSION = YES;
				CLANG_WARN_OBJC_ROOT_CLASS = YES_ERROR;
				CLANG_WARN_QUOTED_INCLUDE_IN_FRAMEWORK_HEADER = YES;
				CLANG_WARN_RANGE_LOOP_ANALYSIS = YES;
				CLANG_WARN_STRICT_PROTOTYPES = YES;
				CLANG_WARN_SUSPICIOUS_MOVE = YES;
				CLANG_WARN_UNGUARDED_AVAILABILITY = YES_AGGRESSIVE;
				CLANG_WARN_UNREACHABLE_CODE = YES;
				CLANG_WARN__DUPLICATE_METHOD_MATCH = YES;
				COPY_PHASE_STRIP = NO;
				DEBUG_INFORMATION_FORMAT = "dwarf-with-dsym";
				ENABLE_NS_ASSERTIONS = NO;
				ENABLE_STRICT_OBJC_MSGSEND = YES;
				GCC_C_LANGUAGE_STANDARD = gnu11;
				GCC_NO_COMMON_BLOCKS = YES;
				GCC_WARN_64_TO_32_BIT_CONVERSION = YES;
				GCC_WARN_ABOUT_RETURN_TYPE = YES_ERROR;
				GCC_WARN_UNDECLARED_SELECTOR = YES;
				GCC_WARN_UNINITIALIZED_AUTOS = YES_AGGRESSIVE;
				GCC_WARN_UNUSED_FUNCTION = YES;
				GCC_WARN_UNUSED_VARIABLE = YES;
				MACOSX_DEPLOYMENT_TARGET = 12.2;
				MTL_ENABLE_DEBUG_INFO = NO;
				MTL_FAST_MATH = YES;
				SDKROOT = macosx;
			};
			name = Release;
		};
		2F5B3E5229C4EF3100212C1C /* Debug */ = {
			isa = XCBuildConfiguration;
			buildSettings = {
				CODE_SIGN_STYLE = Automatic;
				PRODUCT_NAME = "$(TARGET_NAME)";
			};
			name = Debug;
		};
		2F5B3E5329C4EF3100212C1C /* Release */ = {
			isa = XCBuildConfiguration;
			buildSettings = {
				CODE_SIGN_STYLE = Automatic;
				PRODUCT_NAME = "$(TARGET_NAME)";
			};
			name = Release;
		};
/* End XCBuildConfiguration section */

/* Begin XCConfigurationList section */
		2F5B3E4529C4EF3100212C1C /* Build configuration list for PBXProject "Templates Program" */ = {
			isa = XCConfigurationList;
			buildConfigurations = (
				2F5B3E4F29C4EF3100212C1C /* Debug */,
				2F5B3E5029C4EF3100212C1C /* Release */,
			);
			defaultConfigurationIsVisible = 0;
			defaultConfigurationName = Release;
		};
		2F5B3E5129C4EF3100212C1C /* Build configuration list for PBXNativeTarget "Templates Program" */ = {
			isa = XCConfigurationList;
			buildConfigurations = (
				2F5B3E5229C4EF3100212C1C /* Debug */,
				2F5B3E5329C4EF3100212C1C /* Release */,
			);
			defaultConfigurationIsVisible = 0;
			defaultConfigurationName = Release;
		};
/* End XCConfigurationList section */
	};
	rootObject = 2F5B3E4229C4EF3100212C1C /* Project object */;
}
